{
  "name": "app1",
  "version": "1.0.0",
  "lockfileVersion": 1,
  "requires": true,
  "dependencies": {
    "@capacitor/android": {
      "version": "4.1.0",
      "resolved": "https://registry.npmjs.org/@capacitor/android/-/android-4.1.0.tgz",
      "integrity": "sha512-aYHvpYVlS6WC+bG9jJfwqgHMxTw3e8f3taNnl/y9qCjglmMmtFcZWFAVLlOleVK4Q7olSirqjx37f0ppvxRTLg=="
    },
    "@capacitor/ios": {
      "version": "4.1.0",
      "resolved": "https://registry.npmjs.org/@capacitor/ios/-/ios-4.1.0.tgz",
      "integrity": "sha512-zkv48Xc5QwdL7TIT4YpXwgISrA5Cuy59KyN+uq3ovr+L/y5SgtKAOg7pATRBYT7CFgFLqkey/PQKcTjbcxhyaA=="
    }
  }
}
