{
  "name": "app1",
  "version": "1.0.0",
  "lockfileVersion": 1,
  "requires": true,
  "dependencies": {
    "@capacitor/android": {
      "version": "3.3.1",
      "resolved": "https://registry.npmjs.org/@capacitor/android/-/android-3.3.1.tgz",
      "integrity": "sha512-TB9UJh6/e6CV6KDpu/lNHKhgVvnDL2d3crNYtfKzp64CzeZhttQGIQShXSdMb3DG4kk7Zi/qBlfSaWBBD95NhQ=="
    },
    "@capacitor/ios": {
      "version": "3.3.1",
      "resolved": "https://registry.npmjs.org/@capacitor/ios/-/ios-3.3.1.tgz",
      "integrity": "sha512-0/XOwEYfSXawI58Ynb+d8HVUaHy+BGrOqEEdtTgm1ZHNGdTO4troKngWY9hPx5f47t0qEWfhS50zArOMYx7AFw=="
    }
  }
}
